
Microsoft Visual Studio Solution File, Format Version 12.00
# Visual Studio Version 17
VisualStudioVersion = 17.5.002.0
MinimumVisualStudioVersion = 10.0.40219.1
Project("{9A19103F-16F7-4668-BE54-9A1E7A4F7556}") = "Projecto_Front", "Projecto_Front\Projecto_Front.csproj", "{5AF6A2E4-4C88-4FA5-BAFC-A84A207AF4F6}"
EndProject
Global
	GlobalSection(SolutionConfigurationPlatforms) = preSolution
		Debug|Any CPU = Debug|Any CPU
		Release|Any CPU = Release|Any CPU
	EndGlobalSection
	GlobalSection(ProjectConfigurationPlatforms) = postSolution
		{3A2B55E4-B20C-4B4E-899D-DFC448CDDAEC}.Debug|Any CPU.ActiveCfg = Debug|Any CPU
		{3A2B55E4-B20C-4B4E-899D-DFC448CDDAEC}.Debug|Any CPU.Build.0 = Debug|Any CPU
		{3A2B55E4-B20C-4B4E-899D-DFC448CDDAEC}.Release|Any CPU.ActiveCfg = Release|Any CPU
		{3A2B55E4-B20C-4B4E-899D-DFC448CDDAEC}.Release|Any CPU.Build.0 = Release|Any CPU
		{5AF6A2E4-4C88-4FA5-BAFC-A84A207AF4F6}.Debug|Any CPU.ActiveCfg = Debug|Any CPU
		{5AF6A2E4-4C88-4FA5-BAFC-A84A207AF4F6}.Debug|Any CPU.Build.0 = Debug|Any CPU
		{5AF6A2E4-4C88-4FA5-BAFC-A84A207AF4F6}.Release|Any CPU.ActiveCfg = Release|Any CPU
		{5AF6A2E4-4C88-4FA5-BAFC-A84A207AF4F6}.Release|Any CPU.Build.0 = Release|Any CPU
	EndGlobalSection
	GlobalSection(SolutionProperties) = preSolution
		HideSolutionNode = FALSE
	EndGlobalSection
	GlobalSection(ExtensibilityGlobals) = postSolution
		SolutionGuid = {9F54E5DE-D7C1-4F7A-BFCD-178527B7A8D4}
	EndGlobalSection
EndGlobal
